
Microsoft Visual Studio Solution File, Format Version 12.00
# Visual Studio Version 17
VisualStudioVersion = 17.6.33829.357
MinimumVisualStudioVersion = 10.0.40219.1
Project("{FAE04EC0-301F-11D3-BF4B-00C04F79EFBC}") = "test", "test\test.csproj", "{F84C8DC1-7835-45F5-A358-962D86BBE97F}"
EndProject
Global
	GlobalSection(SolutionConfigurationPlatforms) = preSolution
		Debug|Any CPU = Debug|Any CPU
		Release|Any CPU = Release|Any CPU
	EndGlobalSection
	GlobalSection(ProjectConfigurationPlatforms) = postSolution
		{F84C8DC1-7835-45F5-A358-962D86BBE97F}.Debug|Any CPU.ActiveCfg = Debug|Any CPU
		{F84C8DC1-7835-45F5-A358-962D86BBE97F}.Debug|Any CPU.Build.0 = Debug|Any CPU
		{F84C8DC1-7835-45F5-A358-962D86BBE97F}.Release|Any CPU.ActiveCfg = Release|Any CPU
		{F84C8DC1-7835-45F5-A358-962D86BBE97F}.Release|Any CPU.Build.0 = Release|Any CPU
	EndGlobalSection
	GlobalSection(SolutionProperties) = preSolution
		HideSolutionNode = FALSE
	EndGlobalSection
	GlobalSection(ExtensibilityGlobals) = postSolution
		SolutionGuid = {818966AA-6313-4F82-BB7D-B1112C0390EC}
	EndGlobalSection
EndGlobal
